{
  "lockFileVersion": 11,
  "registryFileHashes": {
    "https://bcr.bazel.build/bazel_registry.json": "8a28e4aff06ee60aed2a8c281907fb8bcbf3b753c91fb5a5c57da3215d5b3497",
    "https://bcr.bazel.build/modules/abseil-cpp/20210324.2/MODULE.bazel": "7cd0312e064fde87c8d1cd79ba06c876bd23630c83466e9500321be55c96ace2",
    "https://bcr.bazel.build/modules/abseil-cpp/20211102.0/MODULE.bazel": "70390338f7a5106231d20620712f7cccb659cd0e9d073d1991c038eb9fc57589",
    "https://bcr.bazel.build/modules/abseil-cpp/20211102.0/source.json": "7e3a9adf473e9af076ae485ed649d5641ad50ec5c11718103f34de03170d94ad",
    "https://bcr.bazel.build/modules/apple_support/1.5.0/MODULE.bazel": "50341a62efbc483e8a2a6aec30994a58749bd7b885e18dd96aa8c33031e558ef",
    "https://bcr.bazel.build/modules/apple_support/1.5.0/source.json": "eb98a7627c0bc486b57f598ad8da50f6625d974c8f723e9ea71bd39f709c9862",
    "https://bcr.bazel.build/modules/bazel_features/1.11.0/MODULE.bazel": "f9382337dd5a474c3b7d334c2f83e50b6eaedc284253334cf823044a26de03e8",
    "https://bcr.bazel.build/modules/bazel_features/1.11.0/source.json": "c9320aa53cd1c441d24bd6b716da087ad7e4ff0d9742a9884587596edfe53015",
    "https://bcr.bazel.build/modules/bazel_skylib/1.0.3/MODULE.bazel": "bcb0fd896384802d1ad283b4e4eb4d718eebd8cb820b0a2c3a347fb971afd9d8",
    "https://bcr.bazel.build/modules/bazel_skylib/1.1.1/MODULE.bazel": "1add3e7d93ff2e6998f9e118022c84d163917d912f5afafb3058e3d2f1545b5e",
    "https://bcr.bazel.build/modules/bazel_skylib/1.2.0/MODULE.bazel": "44fe84260e454ed94ad326352a698422dbe372b21a1ac9f3eab76eb531223686",
    "https://bcr.bazel.build/modules/bazel_skylib/1.2.1/MODULE.bazel": "f35baf9da0efe45fa3da1696ae906eea3d615ad41e2e3def4aeb4e8bc0ef9a7a",
    "https://bcr.bazel.build/modules/bazel_skylib/1.3.0/MODULE.bazel": "20228b92868bf5cfc41bda7afc8a8ba2a543201851de39d990ec957b513579c5",
    "https://bcr.bazel.build/modules/bazel_skylib/1.5.0/MODULE.bazel": "32880f5e2945ce6a03d1fbd588e9198c0a959bb42297b2cfaf1685b7bc32e138",
    "https://bcr.bazel.build/modules/bazel_skylib/1.6.1/MODULE.bazel": "8fdee2dbaace6c252131c00e1de4b165dc65af02ea278476187765e1a617b917",
    "https://bcr.bazel.build/modules/bazel_skylib/1.6.1/source.json": "082ed5f9837901fada8c68c2f3ddc958bb22b6d654f71dd73f3df30d45d4b749",
    "https://bcr.bazel.build/modules/buildozer/7.1.2/MODULE.bazel": "2e8dd40ede9c454042645fd8d8d0cd1527966aa5c919de86661e62953cd73d84",
    "https://bcr.bazel.build/modules/buildozer/7.1.2/source.json": "c9028a501d2db85793a6996205c8de120944f50a0d570438fcae0457a5f9d1f8",
    "https://bcr.bazel.build/modules/googletest/1.11.0/MODULE.bazel": "3a83f095183f66345ca86aa13c58b59f9f94a2f81999c093d4eeaa2d262d12f4",
    "https://bcr.bazel.build/modules/googletest/1.11.0/source.json": "c73d9ef4268c91bd0c1cd88f1f9dfa08e814b1dbe89b5f594a9f08ba0244d206",
    "https://bcr.bazel.build/modules/platforms/0.0.4/MODULE.bazel": "9b328e31ee156f53f3c416a64f8491f7eb731742655a47c9eec4703a71644aee",
    "https://bcr.bazel.build/modules/platforms/0.0.5/MODULE.bazel": "5733b54ea419d5eaf7997054bb55f6a1d0b5ff8aedf0176fef9eea44f3acda37",
    "https://bcr.bazel.build/modules/platforms/0.0.6/MODULE.bazel": "ad6eeef431dc52aefd2d77ed20a4b353f8ebf0f4ecdd26a807d2da5aa8cd0615",
    "https://bcr.bazel.build/modules/platforms/0.0.7/MODULE.bazel": "72fd4a0ede9ee5c021f6a8dd92b503e089f46c227ba2813ff183b71616034814",
    "https://bcr.bazel.build/modules/platforms/0.0.8/MODULE.bazel": "9f142c03e348f6d263719f5074b21ef3adf0b139ee4c5133e2aa35664da9eb2d",
    "https://bcr.bazel.build/modules/platforms/0.0.9/MODULE.bazel": "4a87a60c927b56ddd67db50c89acaa62f4ce2a1d2149ccb63ffd871d5ce29ebc",
    "https://bcr.bazel.build/modules/platforms/0.0.9/source.json": "cd74d854bf16a9e002fb2ca7b1a421f4403cda29f824a765acd3a8c56f8d43e6",
    "https://bcr.bazel.build/modules/protobuf/21.7/MODULE.bazel": "a5a29bb89544f9b97edce05642fac225a808b5b7be74038ea3640fae2f8e66a7",
    "https://bcr.bazel.build/modules/protobuf/21.7/source.json": "bbe500720421e582ff2d18b0802464205138c06056f443184de39fbb8187b09b",
    "https://bcr.bazel.build/modules/protobuf/3.19.0/MODULE.bazel": "6b5fbb433f760a99a22b18b6850ed5784ef0e9928a72668b66e4d7ccd47db9b0",
    "https://bcr.bazel.build/modules/protobuf/3.19.6/MODULE.bazel": "9233edc5e1f2ee276a60de3eaa47ac4132302ef9643238f23128fea53ea12858",
    "https://bcr.bazel.build/modules/rules_cc/0.0.1/MODULE.bazel": "cb2aa0747f84c6c3a78dad4e2049c154f08ab9d166b1273835a8174940365647",
    "https://bcr.bazel.build/modules/rules_cc/0.0.2/MODULE.bazel": "6915987c90970493ab97393024c156ea8fb9f3bea953b2f3ec05c34f19b5695c",
    "https://bcr.bazel.build/modules/rules_cc/0.0.8/MODULE.bazel": "964c85c82cfeb6f3855e6a07054fdb159aced38e99a5eecf7bce9d53990afa3e",
    "https://bcr.bazel.build/modules/rules_cc/0.0.9/MODULE.bazel": "836e76439f354b89afe6a911a7adf59a6b2518fafb174483ad78a2a2fde7b1c5",
    "https://bcr.bazel.build/modules/rules_cc/0.0.9/source.json": "1f1ba6fea244b616de4a554a0f4983c91a9301640c8fe0dd1d410254115c8430",
    "https://bcr.bazel.build/modules/rules_foreign_cc/0.10.1/MODULE.bazel": "b9527010e5fef060af92b6724edb3691970a5b1f76f74b21d39f7d433641be60",
    "https://bcr.bazel.build/modules/rules_foreign_cc/0.10.1/source.json": "9300e71df0cdde0952f10afff1401fa664e9fc5d9ae6204660ba1b158d90d6a6",
    "https://bcr.bazel.build/modules/rules_java/4.0.0/MODULE.bazel": "5a78a7ae82cd1a33cef56dc578c7d2a46ed0dca12643ee45edbb8417899e6f74",
    "https://bcr.bazel.build/modules/rules_java/7.6.5/MODULE.bazel": "481164be5e02e4cab6e77a36927683263be56b7e36fef918b458d7a8a1ebadb1",
    "https://bcr.bazel.build/modules/rules_java/7.6.5/source.json": "a805b889531d1690e3c72a7a7e47a870d00323186a9904b36af83aa3d053ee8d",
    "https://bcr.bazel.build/modules/rules_jvm_external/4.4.2/MODULE.bazel": "a56b85e418c83eb1839819f0b515c431010160383306d13ec21959ac412d2fe7",
    "https://bcr.bazel.build/modules/rules_jvm_external/4.4.2/source.json": "a075731e1b46bc8425098512d038d416e966ab19684a10a34f4741295642fc35",
    "https://bcr.bazel.build/modules/rules_license/0.0.3/MODULE.bazel": "627e9ab0247f7d1e05736b59dbb1b6871373de5ad31c3011880b4133cafd4bd0",
    "https://bcr.bazel.build/modules/rules_license/0.0.4/MODULE.bazel": "6a88dd22800cf1f9f79ba32cacad0d3a423ed28efa2c2ed5582eaa78dd3ac1e5",
    "https://bcr.bazel.build/modules/rules_license/0.0.7/MODULE.bazel": "088fbeb0b6a419005b89cf93fe62d9517c0a2b8bb56af3244af65ecfe37e7d5d",
    "https://bcr.bazel.build/modules/rules_license/0.0.7/source.json": "355cc5737a0f294e560d52b1b7a6492d4fff2caf0bef1a315df5a298fca2d34a",
    "https://bcr.bazel.build/modules/rules_pkg/0.10.1/MODULE.bazel": "d6e593e048db5f1028f1f05ceb64b123aa6f1c2d43cba049c036443ab2cc2044",
    "https://bcr.bazel.build/modules/rules_pkg/0.10.1/source.json": "a3550442d1530f00fd2a51036250db1891c8fedfd85991c65a0bd0f6daefe0a3",
    "https://bcr.bazel.build/modules/rules_pkg/0.7.0/MODULE.bazel": "df99f03fc7934a4737122518bb87e667e62d780b610910f0447665a7e2be62dc",
    "https://bcr.bazel.build/modules/rules_proto/4.0.0/MODULE.bazel": "a7a7b6ce9bee418c1a760b3d84f83a299ad6952f9903c67f19e4edd964894e06",
    "https://bcr.bazel.build/modules/rules_proto/5.3.0-21.7/MODULE.bazel": "e8dff86b0971688790ae75528fe1813f71809b5afd57facb44dad9e8eca631b7",
    "https://bcr.bazel.build/modules/rules_proto/5.3.0-21.7/source.json": "d57902c052424dfda0e71646cb12668d39c4620ee0544294d9d941e7d12bc3a9",
    "https://bcr.bazel.build/modules/rules_python/0.10.2/MODULE.bazel": "cc82bc96f2997baa545ab3ce73f196d040ffb8756fd2d66125a530031cd90e5f",
    "https://bcr.bazel.build/modules/rules_python/0.20.0/MODULE.bazel": "bfe14d17f20e3fe900b9588f526f52c967a6f281e47a1d6b988679bd15082286",
    "https://bcr.bazel.build/modules/rules_python/0.22.1/MODULE.bazel": "26114f0c0b5e93018c0c066d6673f1a2c3737c7e90af95eff30cfee38d0bbac7",
    "https://bcr.bazel.build/modules/rules_python/0.24.0/MODULE.bazel": "4bff7f583653d0762cda21303da0643cc4c545ddfd9593337f18dad8d1787801",
    "https://bcr.bazel.build/modules/rules_python/0.24.0/source.json": "c4bbbd6350883cfc0f4a805577ab94ed94c2f5dc588e84cf1851137c121d3887",
    "https://bcr.bazel.build/modules/rules_python/0.4.0/MODULE.bazel": "9208ee05fd48bf09ac60ed269791cf17fb343db56c8226a720fbb1cdf467166c",
    "https://bcr.bazel.build/modules/stardoc/0.5.1/MODULE.bazel": "1a05d92974d0c122f5ccf09291442580317cdd859f07a8655f1db9a60374f9f8",
    "https://bcr.bazel.build/modules/stardoc/0.5.1/source.json": "a96f95e02123320aa015b956f29c00cb818fa891ef823d55148e1a362caacf29",
    "https://bcr.bazel.build/modules/toolchains_arm_gnu/1.0.2/MODULE.bazel": "71d40e6c0f9c7bdb1aa33184c483c6cf6a422aecee977090eb4a7493f699329a",
    "https://bcr.bazel.build/modules/toolchains_arm_gnu/1.0.2/source.json": "7efc8c5608e42224dc53db63dfd61bf16aa632a9d0bbdaebea6e35a2985001dc",
    "https://bcr.bazel.build/modules/upb/0.0.0-20220923-a547704/MODULE.bazel": "7298990c00040a0e2f121f6c32544bab27d4452f80d9ce51349b1a28f3005c43",
    "https://bcr.bazel.build/modules/upb/0.0.0-20220923-a547704/source.json": "f1ef7d3f9e0e26d4b23d1c39b5f5de71f584dd7d1b4ef83d9bbba6ec7a6a6459",
    "https://bcr.bazel.build/modules/zlib/1.2.11/MODULE.bazel": "07b389abc85fdbca459b69e2ec656ae5622873af3f845e1c9d80fe179f3effa0",
    "https://bcr.bazel.build/modules/zlib/1.2.12/MODULE.bazel": "3b1a8834ada2a883674be8cbd36ede1b6ec481477ada359cd2d3ddc562340b27",
    "https://bcr.bazel.build/modules/zlib/1.3.1.bcr.3/MODULE.bazel": "af322bc08976524477c79d1e45e241b6efbeb918c497e8840b8ab116802dda79",
    "https://bcr.bazel.build/modules/zlib/1.3.1.bcr.3/source.json": "2be409ac3c7601245958cd4fcdff4288be79ed23bd690b4b951f500d54ee6e7d"
  },
  "selectedYankedVersions": {},
  "moduleExtensions": {
    "//:extensions.bzl%sources": {
      "general": {
        "bzlTransitiveDigest": "crW/wPcfxF+qD+gvfUik5CfPLbuuzArVu4Isxj28I+I=",
        "usagesDigest": "5YW6ZI0TTWi1Ue9tnGlTzGSpj71MpwGn4UTFwZPtJQc=",
        "recordedFileInputs": {},
        "recordedDirentsInputs": {},
        "envVariables": {},
        "generatedRepoSpecs": {
          "ec_src": {
            "bzlFile": "@@bazel_tools//tools/build_defs/repo:git.bzl",
            "ruleClassName": "git_repository",
            "attributes": {
              "remote": "https://chromium.googlesource.com/chromiumos/platform/ec",
              "commit": "a3d721e81c4c69821c9eaccb3aac632b519c3852",
              "build_file": "@@//third_party/chromium:BUILD.ec_src.bazel",
              "patches": [
                "@@//third_party/chromium:ec-custom-version.patch",
                "@@//third_party/chromium:work-with-old-gcc-10.patch"
              ],
              "patch_args": [
                "-p1"
              ]
            }
          }
        },
        "recordedRepoMappingEntries": [
          [
            "",
            "bazel_tools",
            "bazel_tools"
          ]
        ]
      }
    },
    "@@apple_support~//crosstool:setup.bzl%apple_cc_configure_extension": {
      "general": {
        "bzlTransitiveDigest": "PjIds3feoYE8SGbbIq2SFTZy3zmxeO2tQevJZNDo7iY=",
        "usagesDigest": "aLmqbvowmHkkBPve05yyDNGN7oh7QE9kBADr3QIZTZs=",
        "recordedFileInputs": {},
        "recordedDirentsInputs": {},
        "envVariables": {},
        "generatedRepoSpecs": {
          "local_config_apple_cc": {
            "bzlFile": "@@apple_support~//crosstool:setup.bzl",
            "ruleClassName": "_apple_cc_autoconf",
            "attributes": {}
          },
          "local_config_apple_cc_toolchains": {
            "bzlFile": "@@apple_support~//crosstool:setup.bzl",
            "ruleClassName": "_apple_cc_autoconf_toolchains",
            "attributes": {}
          }
        },
        "recordedRepoMappingEntries": [
          [
            "apple_support~",
            "bazel_tools",
            "bazel_tools"
          ]
        ]
      }
    },
    "@@platforms//host:extension.bzl%host_platform": {
      "general": {
        "bzlTransitiveDigest": "xelQcPZH8+tmuOHVjL9vDxMnnQNMlwj0SlvgoqBkm4U=",
        "usagesDigest": "meSzxn3DUCcYEhq4HQwExWkWtU4EjriRBQLsZN+Q0SU=",
        "recordedFileInputs": {},
        "recordedDirentsInputs": {},
        "envVariables": {},
        "generatedRepoSpecs": {
          "host_platform": {
            "bzlFile": "@@platforms//host:extension.bzl",
            "ruleClassName": "host_platform_repo",
            "attributes": {}
          }
        },
        "recordedRepoMappingEntries": []
      }
    },
    "@@rules_foreign_cc~//foreign_cc:extensions.bzl%tools": {
      "general": {
        "bzlTransitiveDigest": "Zwv7UlthPNm6M1lPfKCT9DJgx/wUQNASsWf6E5tz8EA=",
        "usagesDigest": "LCucDH35E6MIJI1wrj1NUamhSJpsIKTBN95bsMLcGQE=",
        "recordedFileInputs": {},
        "recordedDirentsInputs": {},
        "envVariables": {},
        "generatedRepoSpecs": {
          "cmake-3.23.2-linux-aarch64": {
            "bzlFile": "@@bazel_tools//tools/build_defs/repo:http.bzl",
            "ruleClassName": "http_archive",
            "attributes": {
              "urls": [
                "https://github.com/Kitware/CMake/releases/download/v3.23.2/cmake-3.23.2-linux-aarch64.tar.gz"
              ],
              "sha256": "f2654bf780b53f170bbbec44d8ac67d401d24788e590faa53036a89476efa91e",
              "strip_prefix": "cmake-3.23.2-linux-aarch64",
              "build_file_content": "load(\"@rules_foreign_cc//toolchains/native_tools:native_tools_toolchain.bzl\", \"native_tool_toolchain\")\n\npackage(default_visibility = [\"//visibility:public\"])\n\nfilegroup(\n    name = \"cmake_data\",\n    srcs = glob(\n        [\n            \"**\",\n        ],\n        exclude = [\n            \"WORKSPACE\",\n            \"WORKSPACE.bazel\",\n            \"BUILD\",\n            \"BUILD.bazel\",\n        ],\n    ),\n)\n\nnative_tool_toolchain(\n    name = \"cmake_tool\",\n    path = \"bin/cmake\",\n    target = \":cmake_data\",\n)\n"
            }
          },
          "rules_foreign_cc_framework_toolchain_macos": {
            "bzlFile": "@@rules_foreign_cc~//foreign_cc/private/framework:toolchain.bzl",
            "ruleClassName": "framework_toolchain_repository",
            "attributes": {
              "commands_src": "@rules_foreign_cc//foreign_cc/private/framework/toolchains:macos_commands.bzl",
              "exec_compatible_with": [
                "@platforms//os:macos"
              ]
            }
          },
          "gnumake_src": {
            "bzlFile": "@@bazel_tools//tools/build_defs/repo:http.bzl",
            "ruleClassName": "http_archive",
            "attributes": {
              "build_file_content": "filegroup(\n    name = \"all_srcs\",\n    srcs = glob([\"**\"]),\n    visibility = [\"//visibility:public\"],\n)\n",
              "sha256": "581f4d4e872da74b3941c874215898a7d35802f03732bdccee1d4a7979105d18",
              "strip_prefix": "make-4.4",
              "urls": [
                "https://mirror.bazel.build/ftpmirror.gnu.org/gnu/make/make-4.4.tar.gz",
                "http://ftpmirror.gnu.org/gnu/make/make-4.4.tar.gz"
              ]
            }
          },
          "gettext_runtime": {
            "bzlFile": "@@bazel_tools//tools/build_defs/repo:http.bzl",
            "ruleClassName": "http_archive",
            "attributes": {
              "build_file_content": "\ncc_import(\n    name = \"gettext_runtime\",\n    shared_library = \"bin/libintl-8.dll\",\n    visibility = [\"//visibility:public\"],\n)\n        ",
              "sha256": "1f4269c0e021076d60a54e98da6f978a3195013f6de21674ba0edbc339c5b079",
              "urls": [
                "https://download.gnome.org/binaries/win64/dependencies/gettext-runtime_0.18.1.1-2_win64.zip"
              ]
            }
          },
          "cmake_src": {
            "bzlFile": "@@bazel_tools//tools/build_defs/repo:http.bzl",
            "ruleClassName": "http_archive",
            "attributes": {
              "build_file_content": "filegroup(\n    name = \"all_srcs\",\n    srcs = glob([\"**\"]),\n    visibility = [\"//visibility:public\"],\n)\n",
              "sha256": "f316b40053466f9a416adf981efda41b160ca859e97f6a484b447ea299ff26aa",
              "strip_prefix": "cmake-3.23.2",
              "urls": [
                "https://github.com/Kitware/CMake/releases/download/v3.23.2/cmake-3.23.2.tar.gz"
              ]
            }
          },
          "bazel_skylib": {
            "bzlFile": "@@bazel_tools//tools/build_defs/repo:http.bzl",
            "ruleClassName": "http_archive",
            "attributes": {
              "urls": [
                "https://mirror.bazel.build/github.com/bazelbuild/bazel-skylib/releases/download/1.2.1/bazel-skylib-1.2.1.tar.gz",
                "https://github.com/bazelbuild/bazel-skylib/releases/download/1.2.1/bazel-skylib-1.2.1.tar.gz"
              ],
              "sha256": "f7be3474d42aae265405a592bb7da8e171919d74c16f082a5457840f06054728"
            }
          },
          "cmake-3.23.2-macos-universal": {
            "bzlFile": "@@bazel_tools//tools/build_defs/repo:http.bzl",
            "ruleClassName": "http_archive",
            "attributes": {
              "urls": [
                "https://github.com/Kitware/CMake/releases/download/v3.23.2/cmake-3.23.2-macos-universal.tar.gz"
              ],
              "sha256": "853a0f9af148c5ef47282ffffee06c4c9f257be2635936755f39ca13c3286c88",
              "strip_prefix": "cmake-3.23.2-macos-universal/CMake.app/Contents",
              "build_file_content": "load(\"@rules_foreign_cc//toolchains/native_tools:native_tools_toolchain.bzl\", \"native_tool_toolchain\")\n\npackage(default_visibility = [\"//visibility:public\"])\n\nfilegroup(\n    name = \"cmake_data\",\n    srcs = glob(\n        [\n            \"**\",\n        ],\n        exclude = [\n            \"WORKSPACE\",\n            \"WORKSPACE.bazel\",\n            \"BUILD\",\n            \"BUILD.bazel\",\n        ],\n    ),\n)\n\nnative_tool_toolchain(\n    name = \"cmake_tool\",\n    path = \"bin/cmake\",\n    target = \":cmake_data\",\n)\n"
            }
          },
          "meson_src": {
            "bzlFile": "@@bazel_tools//tools/build_defs/repo:http.bzl",
            "ruleClassName": "http_archive",
            "attributes": {
              "build_file_content": "exports_files([\"meson.py\"])\n\nfilegroup(\n    name = \"runtime\",\n    srcs = glob([\"mesonbuild/**\"]),\n    visibility = [\"//visibility:public\"],\n)\n",
              "strip_prefix": "meson-1.1.1",
              "url": "https://github.com/mesonbuild/meson/releases/download/1.1.1/meson-1.1.1.tar.gz"
            }
          },
          "rules_foreign_cc_framework_toolchain_freebsd": {
            "bzlFile": "@@rules_foreign_cc~//foreign_cc/private/framework:toolchain.bzl",
            "ruleClassName": "framework_toolchain_repository",
            "attributes": {
              "commands_src": "@rules_foreign_cc//foreign_cc/private/framework/toolchains:freebsd_commands.bzl",
              "exec_compatible_with": [
                "@platforms//os:freebsd"
              ]
            }
          },
          "rules_foreign_cc_framework_toolchain_linux": {
            "bzlFile": "@@rules_foreign_cc~//foreign_cc/private/framework:toolchain.bzl",
            "ruleClassName": "framework_toolchain_repository",
            "attributes": {
              "commands_src": "@rules_foreign_cc//foreign_cc/private/framework/toolchains:linux_commands.bzl",
              "exec_compatible_with": [
                "@platforms//os:linux"
              ]
            }
          },
          "rules_python": {
            "bzlFile": "@@bazel_tools//tools/build_defs/repo:http.bzl",
            "ruleClassName": "http_archive",
            "attributes": {
              "sha256": "84aec9e21cc56fbc7f1335035a71c850d1b9b5cc6ff497306f84cced9a769841",
              "strip_prefix": "rules_python-0.23.1",
              "url": "https://github.com/bazelbuild/rules_python/archive/refs/tags/0.23.1.tar.gz"
            }
          },
          "pkgconfig_src": {
            "bzlFile": "@@bazel_tools//tools/build_defs/repo:http.bzl",
            "ruleClassName": "http_archive",
            "attributes": {
              "build_file_content": "filegroup(\n    name = \"all_srcs\",\n    srcs = glob([\"**\"]),\n    visibility = [\"//visibility:public\"],\n)\n",
              "sha256": "6fc69c01688c9458a57eb9a1664c9aba372ccda420a02bf4429fe610e7e7d591",
              "strip_prefix": "pkg-config-0.29.2",
              "patches": [
                "@@rules_foreign_cc~//toolchains:pkgconfig-detectenv.patch",
                "@@rules_foreign_cc~//toolchains:pkgconfig-makefile-vc.patch"
              ],
              "urls": [
                "https://pkgconfig.freedesktop.org/releases/pkg-config-0.29.2.tar.gz"
              ]
            }
          },
          "ninja_build_src": {
            "bzlFile": "@@bazel_tools//tools/build_defs/repo:http.bzl",
            "ruleClassName": "http_archive",
            "attributes": {
              "build_file_content": "filegroup(\n    name = \"all_srcs\",\n    srcs = glob([\"**\"]),\n    visibility = [\"//visibility:public\"],\n)\n",
              "sha256": "31747ae633213f1eda3842686f83c2aa1412e0f5691d1c14dbbcc67fe7400cea",
              "strip_prefix": "ninja-1.11.1",
              "urls": [
                "https://github.com/ninja-build/ninja/archive/v1.11.1.tar.gz"
              ]
            }
          },
          "ninja_1.11.1_linux": {
            "bzlFile": "@@bazel_tools//tools/build_defs/repo:http.bzl",
            "ruleClassName": "http_archive",
            "attributes": {
              "urls": [
                "https://github.com/ninja-build/ninja/releases/download/v1.11.1/ninja-linux.zip"
              ],
              "sha256": "b901ba96e486dce377f9a070ed4ef3f79deb45f4ffe2938f8e7ddc69cfb3df77",
              "strip_prefix": "",
              "build_file_content": "load(\"@rules_foreign_cc//toolchains/native_tools:native_tools_toolchain.bzl\", \"native_tool_toolchain\")\n\npackage(default_visibility = [\"//visibility:public\"])\n\nfilegroup(\n    name = \"ninja_bin\",\n    srcs = [\"ninja\"],\n)\n\nnative_tool_toolchain(\n    name = \"ninja_tool\",\n    env = {\"NINJA\": \"$(execpath :ninja_bin)\"},\n    path = \"$(execpath :ninja_bin)\",\n    target = \":ninja_bin\",\n)\n"
            }
          },
          "glib_src": {
            "bzlFile": "@@bazel_tools//tools/build_defs/repo:http.bzl",
            "ruleClassName": "http_archive",
            "attributes": {
              "build_file_content": "\ncc_import(\n    name = \"msvc_hdr\",\n    hdrs = [\"msvc_recommended_pragmas.h\"],\n    visibility = [\"//visibility:public\"],\n)\n        ",
              "sha256": "bc96f63112823b7d6c9f06572d2ad626ddac7eb452c04d762592197f6e07898e",
              "strip_prefix": "glib-2.26.1",
              "urls": [
                "https://download.gnome.org/sources/glib/2.26/glib-2.26.1.tar.gz"
              ]
            }
          },
          "cmake-3.23.2-windows-x86_64": {
            "bzlFile": "@@bazel_tools//tools/build_defs/repo:http.bzl",
            "ruleClassName": "http_archive",
            "attributes": {
              "urls": [
                "https://github.com/Kitware/CMake/releases/download/v3.23.2/cmake-3.23.2-windows-x86_64.zip"
              ],
              "sha256": "2329387f3166b84c25091c86389fb891193967740c9bcf01e7f6d3306f7ffda0",
              "strip_prefix": "cmake-3.23.2-windows-x86_64",
              "build_file_content": "load(\"@rules_foreign_cc//toolchains/native_tools:native_tools_toolchain.bzl\", \"native_tool_toolchain\")\n\npackage(default_visibility = [\"//visibility:public\"])\n\nfilegroup(\n    name = \"cmake_data\",\n    srcs = glob(\n        [\n            \"**\",\n        ],\n        exclude = [\n            \"WORKSPACE\",\n            \"WORKSPACE.bazel\",\n            \"BUILD\",\n            \"BUILD.bazel\",\n        ],\n    ),\n)\n\nnative_tool_toolchain(\n    name = \"cmake_tool\",\n    path = \"bin/cmake.exe\",\n    target = \":cmake_data\",\n)\n"
            }
          },
          "glib_runtime": {
            "bzlFile": "@@bazel_tools//tools/build_defs/repo:http.bzl",
            "ruleClassName": "http_archive",
            "attributes": {
              "build_file_content": "\nexports_files(\n    [\n        \"bin/libgio-2.0-0.dll\",\n        \"bin/libglib-2.0-0.dll\",\n        \"bin/libgmodule-2.0-0.dll\",\n        \"bin/libgobject-2.0-0.dll\",\n        \"bin/libgthread-2.0-0.dll\",\n    ],\n    visibility = [\"//visibility:public\"],\n)\n        ",
              "sha256": "88d857087e86f16a9be651ee7021880b3f7ba050d34a1ed9f06113b8799cb973",
              "urls": [
                "https://download.gnome.org/binaries/win64/glib/2.26/glib_2.26.1-1_win64.zip"
              ]
            }
          },
          "rules_foreign_cc_framework_toolchains": {
            "bzlFile": "@@rules_foreign_cc~//foreign_cc/private/framework:toolchain.bzl",
            "ruleClassName": "framework_toolchain_repository_hub",
            "attributes": {}
          },
          "glib_dev": {
            "bzlFile": "@@bazel_tools//tools/build_defs/repo:http.bzl",
            "ruleClassName": "http_archive",
            "attributes": {
              "build_file_content": "\nload(\"@rules_cc//cc:defs.bzl\", \"cc_library\")\n\ncc_import(\n    name = \"glib_dev\",\n    hdrs = glob([\"include/**\"]),\n    shared_library = \"@glib_runtime//:bin/libglib-2.0-0.dll\",\n    visibility = [\"//visibility:public\"],\n)\n        ",
              "sha256": "bdf18506df304d38be98a4b3f18055b8b8cca81beabecad0eece6ce95319c369",
              "urls": [
                "https://download.gnome.org/binaries/win64/glib/2.26/glib-dev_2.26.1-1_win64.zip"
              ]
            }
          },
          "ninja_1.11.1_mac": {
            "bzlFile": "@@bazel_tools//tools/build_defs/repo:http.bzl",
            "ruleClassName": "http_archive",
            "attributes": {
              "urls": [
                "https://github.com/ninja-build/ninja/releases/download/v1.11.1/ninja-mac.zip"
              ],
              "sha256": "482ecb23c59ae3d4f158029112de172dd96bb0e97549c4b1ca32d8fad11f873e",
              "strip_prefix": "",
              "build_file_content": "load(\"@rules_foreign_cc//toolchains/native_tools:native_tools_toolchain.bzl\", \"native_tool_toolchain\")\n\npackage(default_visibility = [\"//visibility:public\"])\n\nfilegroup(\n    name = \"ninja_bin\",\n    srcs = [\"ninja\"],\n)\n\nnative_tool_toolchain(\n    name = \"ninja_tool\",\n    env = {\"NINJA\": \"$(execpath :ninja_bin)\"},\n    path = \"$(execpath :ninja_bin)\",\n    target = \":ninja_bin\",\n)\n"
            }
          },
          "cmake_3.23.2_toolchains": {
            "bzlFile": "@@rules_foreign_cc~//toolchains:prebuilt_toolchains_repository.bzl",
            "ruleClassName": "prebuilt_toolchains_repository",
            "attributes": {
              "repos": {
                "cmake-3.23.2-linux-aarch64": [
                  "@platforms//cpu:aarch64",
                  "@platforms//os:linux"
                ],
                "cmake-3.23.2-linux-x86_64": [
                  "@platforms//cpu:x86_64",
                  "@platforms//os:linux"
                ],
                "cmake-3.23.2-macos-universal": [
                  "@platforms//os:macos"
                ],
                "cmake-3.23.2-windows-i386": [
                  "@platforms//cpu:x86_32",
                  "@platforms//os:windows"
                ],
                "cmake-3.23.2-windows-x86_64": [
                  "@platforms//cpu:x86_64",
                  "@platforms//os:windows"
                ]
              },
              "tool": "cmake"
            }
          },
          "ninja_1.11.1_toolchains": {
            "bzlFile": "@@rules_foreign_cc~//toolchains:prebuilt_toolchains_repository.bzl",
            "ruleClassName": "prebuilt_toolchains_repository",
            "attributes": {
              "repos": {
                "ninja_1.11.1_linux": [
                  "@platforms//cpu:x86_64",
                  "@platforms//os:linux"
                ],
                "ninja_1.11.1_mac": [
                  "@platforms//cpu:x86_64",
                  "@platforms//os:macos"
                ],
                "ninja_1.11.1_win": [
                  "@platforms//cpu:x86_64",
                  "@platforms//os:windows"
                ]
              },
              "tool": "ninja"
            }
          },
          "ninja_1.11.1_win": {
            "bzlFile": "@@bazel_tools//tools/build_defs/repo:http.bzl",
            "ruleClassName": "http_archive",
            "attributes": {
              "urls": [
                "https://github.com/ninja-build/ninja/releases/download/v1.11.1/ninja-win.zip"
              ],
              "sha256": "524b344a1a9a55005eaf868d991e090ab8ce07fa109f1820d40e74642e289abc",
              "strip_prefix": "",
              "build_file_content": "load(\"@rules_foreign_cc//toolchains/native_tools:native_tools_toolchain.bzl\", \"native_tool_toolchain\")\n\npackage(default_visibility = [\"//visibility:public\"])\n\nfilegroup(\n    name = \"ninja_bin\",\n    srcs = [\"ninja.exe\"],\n)\n\nnative_tool_toolchain(\n    name = \"ninja_tool\",\n    env = {\"NINJA\": \"$(execpath :ninja_bin)\"},\n    path = \"$(execpath :ninja_bin)\",\n    target = \":ninja_bin\",\n)\n"
            }
          },
          "cmake-3.23.2-windows-i386": {
            "bzlFile": "@@bazel_tools//tools/build_defs/repo:http.bzl",
            "ruleClassName": "http_archive",
            "attributes": {
              "urls": [
                "https://github.com/Kitware/CMake/releases/download/v3.23.2/cmake-3.23.2-windows-i386.zip"
              ],
              "sha256": "6a4fcd6a2315b93cb23c93507efccacc30c449c2bf98f14d6032bb226c582e07",
              "strip_prefix": "cmake-3.23.2-windows-i386",
              "build_file_content": "load(\"@rules_foreign_cc//toolchains/native_tools:native_tools_toolchain.bzl\", \"native_tool_toolchain\")\n\npackage(default_visibility = [\"//visibility:public\"])\n\nfilegroup(\n    name = \"cmake_data\",\n    srcs = glob(\n        [\n            \"**\",\n        ],\n        exclude = [\n            \"WORKSPACE\",\n            \"WORKSPACE.bazel\",\n            \"BUILD\",\n            \"BUILD.bazel\",\n        ],\n    ),\n)\n\nnative_tool_toolchain(\n    name = \"cmake_tool\",\n    path = \"bin/cmake.exe\",\n    target = \":cmake_data\",\n)\n"
            }
          },
          "cmake-3.23.2-linux-x86_64": {
            "bzlFile": "@@bazel_tools//tools/build_defs/repo:http.bzl",
            "ruleClassName": "http_archive",
            "attributes": {
              "urls": [
                "https://github.com/Kitware/CMake/releases/download/v3.23.2/cmake-3.23.2-linux-x86_64.tar.gz"
              ],
              "sha256": "aaced6f745b86ce853661a595bdac6c5314a60f8181b6912a0a4920acfa32708",
              "strip_prefix": "cmake-3.23.2-linux-x86_64",
              "build_file_content": "load(\"@rules_foreign_cc//toolchains/native_tools:native_tools_toolchain.bzl\", \"native_tool_toolchain\")\n\npackage(default_visibility = [\"//visibility:public\"])\n\nfilegroup(\n    name = \"cmake_data\",\n    srcs = glob(\n        [\n            \"**\",\n        ],\n        exclude = [\n            \"WORKSPACE\",\n            \"WORKSPACE.bazel\",\n            \"BUILD\",\n            \"BUILD.bazel\",\n        ],\n    ),\n)\n\nnative_tool_toolchain(\n    name = \"cmake_tool\",\n    path = \"bin/cmake\",\n    target = \":cmake_data\",\n)\n"
            }
          },
          "rules_foreign_cc_framework_toolchain_windows": {
            "bzlFile": "@@rules_foreign_cc~//foreign_cc/private/framework:toolchain.bzl",
            "ruleClassName": "framework_toolchain_repository",
            "attributes": {
              "commands_src": "@rules_foreign_cc//foreign_cc/private/framework/toolchains:windows_commands.bzl",
              "exec_compatible_with": [
                "@platforms//os:windows"
              ]
            }
          }
        },
        "recordedRepoMappingEntries": [
          [
            "rules_foreign_cc~",
            "bazel_tools",
            "bazel_tools"
          ],
          [
            "rules_foreign_cc~",
            "rules_foreign_cc",
            "rules_foreign_cc~"
          ]
        ]
      }
    },
    "@@rules_python~//python/extensions:python.bzl%python": {
      "general": {
        "bzlTransitiveDigest": "h1WwMtMNhOmMzSsCyaGXLFVp6B/FYYYOnfCnBiq1gtg=",
        "usagesDigest": "5C1/2n78LWxziEIWtqoZJ1kCnmcf27xhCjlpWffa1Ng=",
        "recordedFileInputs": {},
        "recordedDirentsInputs": {},
        "envVariables": {},
        "generatedRepoSpecs": {
          "python_3_11": {
            "bzlFile": "@@rules_python~//python/private:toolchains_repo.bzl",
            "ruleClassName": "toolchain_aliases",
            "attributes": {
              "python_version": "3.11.1",
              "user_repository_name": "python_3_11"
            }
          },
          "python_3_11_aarch64-unknown-linux-gnu": {
            "bzlFile": "@@rules_python~//python:repositories.bzl",
            "ruleClassName": "python_repository",
            "attributes": {
              "sha256": "debf15783bdcb5530504f533d33fda75a7b905cec5361ae8f33da5ba6599f8b4",
              "patches": [],
              "platform": "aarch64-unknown-linux-gnu",
              "python_version": "3.11.1",
              "release_filename": "20230116/cpython-3.11.1+20230116-aarch64-unknown-linux-gnu-install_only.tar.gz",
              "urls": [
                "https://github.com/indygreg/python-build-standalone/releases/download/20230116/cpython-3.11.1+20230116-aarch64-unknown-linux-gnu-install_only.tar.gz"
              ],
              "distutils_content": "",
              "strip_prefix": "python",
              "coverage_tool": "",
              "ignore_root_user_error": false
            }
          },
          "python_3_11_aarch64-apple-darwin": {
            "bzlFile": "@@rules_python~//python:repositories.bzl",
            "ruleClassName": "python_repository",
            "attributes": {
              "sha256": "4918cdf1cab742a90f85318f88b8122aeaa2d04705803c7b6e78e81a3dd40f80",
              "patches": [],
              "platform": "aarch64-apple-darwin",
              "python_version": "3.11.1",
              "release_filename": "20230116/cpython-3.11.1+20230116-aarch64-apple-darwin-install_only.tar.gz",
              "urls": [
                "https://github.com/indygreg/python-build-standalone/releases/download/20230116/cpython-3.11.1+20230116-aarch64-apple-darwin-install_only.tar.gz"
              ],
              "distutils_content": "",
              "strip_prefix": "python",
              "coverage_tool": "",
              "ignore_root_user_error": false
            }
          },
          "python_3_11_x86_64-apple-darwin": {
            "bzlFile": "@@rules_python~//python:repositories.bzl",
            "ruleClassName": "python_repository",
            "attributes": {
              "sha256": "20a4203d069dc9b710f70b09e7da2ce6f473d6b1110f9535fb6f4c469ed54733",
              "patches": [],
              "platform": "x86_64-apple-darwin",
              "python_version": "3.11.1",
              "release_filename": "20230116/cpython-3.11.1+20230116-x86_64-apple-darwin-install_only.tar.gz",
              "urls": [
                "https://github.com/indygreg/python-build-standalone/releases/download/20230116/cpython-3.11.1+20230116-x86_64-apple-darwin-install_only.tar.gz"
              ],
              "distutils_content": "",
              "strip_prefix": "python",
              "coverage_tool": "",
              "ignore_root_user_error": false
            }
          },
          "pythons_hub": {
            "bzlFile": "@@rules_python~//python/extensions/private:pythons_hub.bzl",
            "ruleClassName": "hub_repo",
            "attributes": {
              "default_python_version": "3.11",
              "toolchain_prefixes": [
                "_0000_python_3_11_"
              ],
              "toolchain_python_versions": [
                "3.11"
              ],
              "toolchain_set_python_version_constraints": [
                "False"
              ],
              "toolchain_user_repository_names": [
                "python_3_11"
              ]
            }
          },
          "python_versions": {
            "bzlFile": "@@rules_python~//python/private:toolchains_repo.bzl",
            "ruleClassName": "multi_toolchain_aliases",
            "attributes": {
              "python_versions": {
                "3.11": "python_3_11"
              }
            }
          },
          "python_3_11_x86_64-pc-windows-msvc": {
            "bzlFile": "@@rules_python~//python:repositories.bzl",
            "ruleClassName": "python_repository",
            "attributes": {
              "sha256": "edc08979cb0666a597466176511529c049a6f0bba8adf70df441708f766de5bf",
              "patches": [],
              "platform": "x86_64-pc-windows-msvc",
              "python_version": "3.11.1",
              "release_filename": "20230116/cpython-3.11.1+20230116-x86_64-pc-windows-msvc-shared-install_only.tar.gz",
              "urls": [
                "https://github.com/indygreg/python-build-standalone/releases/download/20230116/cpython-3.11.1+20230116-x86_64-pc-windows-msvc-shared-install_only.tar.gz"
              ],
              "distutils_content": "",
              "strip_prefix": "python",
              "coverage_tool": "",
              "ignore_root_user_error": false
            }
          },
          "python_3_11_x86_64-unknown-linux-gnu": {
            "bzlFile": "@@rules_python~//python:repositories.bzl",
            "ruleClassName": "python_repository",
            "attributes": {
              "sha256": "02a551fefab3750effd0e156c25446547c238688a32fabde2995c941c03a6423",
              "patches": [],
              "platform": "x86_64-unknown-linux-gnu",
              "python_version": "3.11.1",
              "release_filename": "20230116/cpython-3.11.1+20230116-x86_64-unknown-linux-gnu-install_only.tar.gz",
              "urls": [
                "https://github.com/indygreg/python-build-standalone/releases/download/20230116/cpython-3.11.1+20230116-x86_64-unknown-linux-gnu-install_only.tar.gz"
              ],
              "distutils_content": "",
              "strip_prefix": "python",
              "coverage_tool": "",
              "ignore_root_user_error": false
            }
          }
        },
        "recordedRepoMappingEntries": [
          [
            "rules_python~",
            "bazel_tools",
            "bazel_tools"
          ]
        ]
      }
    },
    "@@toolchains_arm_gnu~//:extensions.bzl%arm_toolchain": {
      "general": {
        "bzlTransitiveDigest": "CPHo6jIMyoMe2F/pCV70McBWLeGdoWUrIv/PDMtw4V4=",
        "usagesDigest": "9h4hhw1evgTx5LFerCMlkHadV8g52LaK1BwQsgd+Bsg=",
        "recordedFileInputs": {},
        "recordedDirentsInputs": {},
        "envVariables": {},
        "generatedRepoSpecs": {
          "arm_none_eabi_windows_x86_64": {
            "bzlFile": "@@toolchains_arm_gnu~//:deps.bzl",
            "ruleClassName": "arm_gnu_cross_hosted_platform_specific_repo",
            "attributes": {
              "toolchain_prefix": "arm-none-eabi",
              "version": "13.2.1",
              "sha256": "51d933f00578aa28016c5e3c84f94403274ea7915539f8e56c13e2196437d18f",
              "strip_prefix": "arm-gnu-toolchain-13.2.Rel1-mingw-w64-i686-arm-none-eabi",
              "url": "https://developer.arm.com/-/media/Files/downloads/gnu/13.2.rel1/binrel/arm-gnu-toolchain-13.2.rel1-mingw-w64-i686-arm-none-eabi.zip?rev=93fda279901c4c0299e03e5c4899b51f&hash=A3C5FF788BE90810E121091C873E3532336C8D46",
              "exec_compatible_with": [
                "@platforms//os:windows",
                "@platforms//cpu:aarch64"
              ]
            }
          },
          "arm_none_eabi_darwin_arm64": {
            "bzlFile": "@@toolchains_arm_gnu~//:deps.bzl",
            "ruleClassName": "arm_gnu_cross_hosted_platform_specific_repo",
            "attributes": {
              "toolchain_prefix": "arm-none-eabi",
              "version": "13.2.1",
              "sha256": "39c44f8af42695b7b871df42e346c09fee670ea8dfc11f17083e296ea2b0d279",
              "strip_prefix": "arm-gnu-toolchain-13.2.Rel1-darwin-arm64-arm-none-eabi",
              "url": "https://developer.arm.com/-/media/Files/downloads/gnu/13.2.rel1/binrel/arm-gnu-toolchain-13.2.rel1-darwin-arm64-arm-none-eabi.tar.xz?rev=73e10891de3d41e29e95ac2878742b74&hash=6036196A3358CB5AD85FC01DFD0FEC02A",
              "exec_compatible_with": [
                "@platforms//os:macos",
                "@platforms//cpu:arm64"
              ]
            }
          },
          "arm_none_eabi": {
            "bzlFile": "@@toolchains_arm_gnu~//:deps.bzl",
            "ruleClassName": "toolchains_arm_gnu_repo",
            "attributes": {
              "toolchain_name": "arm_none_eabi",
              "toolchain_prefix": "arm-none-eabi",
              "version": "13.2.1",
              "hosts": {
                "arm_none_eabi_darwin_x86_64": [
                  "@platforms//os:macos",
                  "@platforms//cpu:x86_64"
                ],
                "arm_none_eabi_darwin_arm64": [
                  "@platforms//os:macos",
                  "@platforms//cpu:arm64"
                ],
                "arm_none_eabi_linux_x86_64": [
                  "@platforms//os:linux",
                  "@platforms//cpu:x86_64"
                ],
                "arm_none_eabi_linux_aarch64": [
                  "@platforms//os:linux",
                  "@platforms//cpu:aarch64"
                ],
                "arm_none_eabi_windows_x86_64": [
                  "@platforms//os:windows",
                  "@platforms//cpu:aarch64"
                ]
              }
            }
          },
          "arm_none_eabi_linux_x86_64": {
            "bzlFile": "@@toolchains_arm_gnu~//:deps.bzl",
            "ruleClassName": "arm_gnu_cross_hosted_platform_specific_repo",
            "attributes": {
              "toolchain_prefix": "arm-none-eabi",
              "version": "13.2.1",
              "sha256": "6cd1bbc1d9ae57312bcd169ae283153a9572bd6a8e4eeae2fedfbc33b115fdbb",
              "strip_prefix": "arm-gnu-toolchain-13.2.Rel1-x86_64-arm-none-eabi",
              "url": "https://developer.arm.com/-/media/Files/downloads/gnu/13.2.rel1/binrel/arm-gnu-toolchain-13.2.rel1-x86_64-arm-none-eabi.tar.xz?rev=e434b9ea4afc4ed7998329566b764309&hash=688C370BF08399033CA9DE3C1CC8CF8E31D8C441",
              "exec_compatible_with": [
                "@platforms//os:linux",
                "@platforms//cpu:x86_64"
              ]
            }
          },
          "arm_none_eabi_darwin_x86_64": {
            "bzlFile": "@@toolchains_arm_gnu~//:deps.bzl",
            "ruleClassName": "arm_gnu_cross_hosted_platform_specific_repo",
            "attributes": {
              "toolchain_prefix": "arm-none-eabi",
              "version": "13.2.1",
              "sha256": "075faa4f3e8eb45e59144858202351a28706f54a6ec17eedd88c9fb9412372cc",
              "strip_prefix": "arm-gnu-toolchain-13.2.Rel1-darwin-x86_64-arm-none-eabi",
              "url": "https://developer.arm.com/-/media/Files/downloads/gnu/13.2.rel1/binrel/arm-gnu-toolchain-13.2.rel1-darwin-x86_64-arm-none-eabi.tar.xz?rev=a3d8c87bb0af4c40b7d7e0e291f6541b&hash=10927356ACA904E1A0122794E036E8DDE7D8435D",
              "exec_compatible_with": [
                "@platforms//os:macos",
                "@platforms//cpu:x86_64"
              ]
            }
          },
          "arm_none_eabi_linux_aarch64": {
            "bzlFile": "@@toolchains_arm_gnu~//:deps.bzl",
            "ruleClassName": "arm_gnu_cross_hosted_platform_specific_repo",
            "attributes": {
              "toolchain_prefix": "arm-none-eabi",
              "version": "13.2.1",
              "sha256": "8fd8b4a0a8d44ab2e195ccfbeef42223dfb3ede29d80f14dcf2183c34b8d199a",
              "strip_prefix": "arm-gnu-toolchain-13.2.Rel1-aarch64-arm-none-eabi",
              "url": "https://developer.arm.com/-/media/Files/downloads/gnu/13.2.rel1/binrel/arm-gnu-toolchain-13.2.rel1-aarch64-arm-none-eabi.tar.xz?rev=17baf091942042768d55c9a304610954&hash=7F32B9E3ADFAFC4F8F74C30EBBBFECEB1AC96B60",
              "exec_compatible_with": [
                "@platforms//os:linux",
                "@platforms//cpu:aarch64"
              ]
            }
          }
        },
        "recordedRepoMappingEntries": [
          [
            "rules_cc~",
            "bazel_tools",
            "bazel_tools"
          ],
          [
            "toolchains_arm_gnu~",
            "bazel_tools",
            "bazel_tools"
          ],
          [
            "toolchains_arm_gnu~",
            "rules_cc",
            "rules_cc~"
          ],
          [
            "toolchains_arm_gnu~",
            "toolchains_arm_gnu",
            "toolchains_arm_gnu~"
          ]
        ]
      }
    }
  }
}
